// !$*UTF8*$!
{
	archiveVersion = 1;
	classes = {
	};
	objectVersion = 50;
	objects = {

/* Begin PBXBuildFile section */
		BA99129D225219E6001BD966 /* AppDelegate.swift in Sources */ = {isa = PBXBuildFile; fileRef = BA99129A225219E6001BD966 /* AppDelegate.swift */; };
		BA99129E225219E6001BD966 /* ViewController.swift in Sources */ = {isa = PBXBuildFile; fileRef = BA99129B225219E6001BD966 /* ViewController.swift */; };
		BAAB1E1C2252300400FF044A /* main.storyboard in Resources */ = {isa = PBXBuildFile; fileRef = BAAB1E1B22522AB400FF044A /* main.storyboard */; };
		BAAB1E1F2252312600FF044A /* Assets.xcassets in Resources */ = {isa = PBXBuildFile; fileRef = BABF165C2244EC44002A368F /* Assets.xcassets */; };
		BAAB1E212252326900FF044A /* GAK86_hutounokuroneko_TP_V4.jpg in Resources */ = {isa = PBXBuildFile; fileRef = BAAB1E202252326900FF044A /* GAK86_hutounokuroneko_TP_V4.jpg */; };
		BAAB1E232252327400FF044A /* tom190303DSC03603_TP_V4.jpg in Resources */ = {isa = PBXBuildFile; fileRef = BAAB1E222252327400FF044A /* tom190303DSC03603_TP_V4.jpg */; };
/* End PBXBuildFile section */

/* Begin PBXFileReference section */
		BA99129622521818001BD966 /* Default-568h@2x.png */ = {isa = PBXFileReference; lastKnownFileType = image.png; path = "Default-568h@2x.png"; sourceTree = "<group>"; };
		BA99129A225219E6001BD966 /* AppDelegate.swift */ = {isa = PBXFileReference; fileEncoding = 4; lastKnownFileType = sourcecode.swift; path = AppDelegate.swift; sourceTree = "<group>"; };
		BA99129B225219E6001BD966 /* ViewController.swift */ = {isa = PBXFileReference; fileEncoding = 4; lastKnownFileType = sourcecode.swift; path = ViewController.swift; sourceTree = "<group>"; };
		BA9912A022521B7C001BD966 /* Info.plist */ = {isa = PBXFileReference; fileEncoding = 4; lastKnownFileType = text.plist.xml; path = Info.plist; sourceTree = "<group>"; };
		BAAB1E1B22522AB400FF044A /* main.storyboard */ = {isa = PBXFileReference; lastKnownFileType = file.storyboard; name = main.storyboard; path = /Users/takaya/git/XcodeTestApp/main.storyboard; sourceTree = "<absolute>"; };
		BAAB1E202252326900FF044A /* GAK86_hutounokuroneko_TP_V4.jpg */ = {isa = PBXFileReference; lastKnownFileType = image.jpeg; name = GAK86_hutounokuroneko_TP_V4.jpg; path = Assets.xcassets/GAK86_hutounokuroneko_TP_V4.jpg; sourceTree = SOURCE_ROOT; };
		BAAB1E222252327400FF044A /* tom190303DSC03603_TP_V4.jpg */ = {isa = PBXFileReference; lastKnownFileType = image.jpeg; name = tom190303DSC03603_TP_V4.jpg; path = Assets.xcassets/tom190303DSC03603_TP_V4.jpg; sourceTree = SOURCE_ROOT; };
		BABF16522244EC42002A368F /* takayanoobenkyou1.app */ = {isa = PBXFileReference; explicitFileType = wrapper.application; includeInIndex = 0; path = takayanoobenkyou1.app; sourceTree = BUILT_PRODUCTS_DIR; };
		BABF165C2244EC44002A368F /* Assets.xcassets */ = {isa = PBXFileReference; lastKnownFileType = folder.assetcatalog; path = Assets.xcassets; sourceTree = "<group>"; };
/* End PBXFileReference section */

/* Begin PBXFrameworksBuildPhase section */
		BABF164F2244EC42002A368F /* Frameworks */ = {
			isa = PBXFrameworksBuildPhase;
			buildActionMask = 2147483647;
			files = (
			);
			runOnlyForDeploymentPostprocessing = 0;
		};
/* End PBXFrameworksBuildPhase section */

/* Begin PBXGroup section */
		BABF16492244EC42002A368F = {
			isa = PBXGroup;
			children = (
				BA99129622521818001BD966 /* Default-568h@2x.png */,
				BA99129A225219E6001BD966 /* AppDelegate.swift */,
				BA99129B225219E6001BD966 /* ViewController.swift */,
				BAAB1E1B22522AB400FF044A /* main.storyboard */,
				BA9912A022521B7C001BD966 /* Info.plist */,
				BABF16542244EC42002A368F /* takayanoobenkyou1 */,
				BABF16532244EC42002A368F /* Products */,
			);
			sourceTree = "<group>";
		};
		BABF16532244EC42002A368F /* Products */ = {
			isa = PBXGroup;
			children = (
				BABF16522244EC42002A368F /* takayanoobenkyou1.app */,
			);
			name = Products;
			sourceTree = "<group>";
		};
		BABF16542244EC42002A368F /* takayanoobenkyou1 */ = {
			isa = PBXGroup;
			children = (
				BABF165C2244EC44002A368F /* Assets.xcassets */,
				BAAB1E222252327400FF044A /* tom190303DSC03603_TP_V4.jpg */,
				BAAB1E202252326900FF044A /* GAK86_hutounokuroneko_TP_V4.jpg */,
			);
			path = takayanoobenkyou1;
			sourceTree = "<group>";
		};
/* End PBXGroup section */

/* Begin PBXNativeTarget section */
		BABF16512244EC42002A368F /* takayanoobenkyou1 */ = {
			isa = PBXNativeTarget;
			buildConfigurationList = BABF16642244EC44002A368F /* Build configuration list for PBXNativeTarget "takayanoobenkyou1" */;
			buildPhases = (
				BABF164E2244EC42002A368F /* Sources */,
				BABF164F2244EC42002A368F /* Frameworks */,
				BABF16502244EC42002A368F /* Resources */,
			);
			buildRules = (
			);
			dependencies = (
			);
			name = takayanoobenkyou1;
			productName = takayanoobenkyou1;
			productReference = BABF16522244EC42002A368F /* takayanoobenkyou1.app */;
			productType = "com.apple.product-type.application";
		};
/* End PBXNativeTarget section */

/* Begin PBXProject section */
		BABF164A2244EC42002A368F /* Project object */ = {
			isa = PBXProject;
			attributes = {
				LastSwiftUpdateCheck = 1010;
				LastUpgradeCheck = 1010;
				ORGANIZATIONNAME = "高屋浩幸";
				TargetAttributes = {
					BABF16512244EC42002A368F = {
						CreatedOnToolsVersion = 10.1;
						LastSwiftMigration = 1020;
					};
				};
			};
			buildConfigurationList = BABF164D2244EC42002A368F /* Build configuration list for PBXProject "takayanoobenkyou1" */;
			compatibilityVersion = "Xcode 9.3";
			developmentRegion = en;
			hasScannedForEncodings = 0;
			knownRegions = (
				en,
				Base,
			);
			mainGroup = BABF16492244EC42002A368F;
			productRefGroup = BABF16532244EC42002A368F /* Products */;
			projectDirPath = "";
			projectRoot = "";
			targets = (
				BABF16512244EC42002A368F /* takayanoobenkyou1 */,
			);
		};
/* End PBXProject section */

/* Begin PBXResourcesBuildPhase section */
		BABF16502244EC42002A368F /* Resources */ = {
			isa = PBXResourcesBuildPhase;
			buildActionMask = 2147483647;
			files = (
				BAAB1E232252327400FF044A /* tom190303DSC03603_TP_V4.jpg in Resources */,
				BAAB1E1F2252312600FF044A /* Assets.xcassets in Resources */,
				BAAB1E212252326900FF044A /* GAK86_hutounokuroneko_TP_V4.jpg in Resources */,
				BAAB1E1C2252300400FF044A /* main.storyboard in Resources */,
			);
			runOnlyForDeploymentPostprocessing = 0;
		};
/* End PBXResourcesBuildPhase section */

/* Begin PBXSourcesBuildPhase section */
		BABF164E2244EC42002A368F /* Sources */ = {
			isa = PBXSourcesBuildPhase;
			buildActionMask = 2147483647;
			files = (
				BA99129E225219E6001BD966 /* ViewController.swift in Sources */,
				BA99129D225219E6001BD966 /* AppDelegate.swift in Sources */,
			);
			runOnlyForDeploymentPostprocessing = 0;
		};
/* End PBXSourcesBuildPhase section */

/* Begin XCBuildConfiguration section */
		BABF16622244EC44002A368F /* Debug */ = {
			isa = XCBuildConfiguration;
			buildSettings = {
				ALWAYS_SEARCH_USER_PATHS = NO;
				CLANG_ANALYZER_NONNULL = YES;
				CLANG_ANALYZER_NUMBER_OBJECT_CONVERSION = YES_AGGRESSIVE;
				CLANG_CXX_LANGUAGE_STANDARD = "gnu++14";
				CLANG_CXX_LIBRARY = "libc++";
				CLANG_ENABLE_MODULES = YES;
				CLANG_ENABLE_OBJC_ARC = YES;
				CLANG_ENABLE_OBJC_WEAK = YES;
				CLANG_WARN_BLOCK_CAPTURE_AUTORELEASING = YES;
				CLANG_WARN_BOOL_CONVERSION = YES;
				CLANG_WARN_COMMA = YES;
				CLANG_WARN_CONSTANT_CONVERSION = YES;
				CLANG_WARN_DEPRECATED_OBJC_IMPLEMENTATIONS = YES;
				CLANG_WARN_DIRECT_OBJC_ISA_USAGE = YES_ERROR;
				CLANG_WARN_DOCUMENTATION_COMMENTS = YES;
				CLANG_WARN_EMPTY_BODY = YES;
				CLANG_WARN_ENUM_CONVERSION = YES;
				CLANG_WARN_INFINITE_RECURSION = YES;
				CLANG_WARN_INT_CONVERSION = YES;
				CLANG_WARN_NON_LITERAL_NULL_CONVERSION = YES;
				CLANG_WARN_OBJC_IMPLICIT_RETAIN_SELF = YES;
				CLANG_WARN_OBJC_LITERAL_CONVERSION = YES;
				CLANG_WARN_OBJC_ROOT_CLASS = YES_ERROR;
				CLANG_WARN_RANGE_LOOP_ANALYSIS = YES;
				CLANG_WARN_STRICT_PROTOTYPES = YES;
				CLANG_WARN_SUSPICIOUS_MOVE = YES;
				CLANG_WARN_UNGUARDED_AVAILABILITY = YES_AGGRESSIVE;
				CLANG_WARN_UNREACHABLE_CODE = YES;
				CLANG_WARN__DUPLICATE_METHOD_MATCH = YES;
				CODE_SIGN_IDENTITY = "iPhone Developer";
				COPY_PHASE_STRIP = NO;
				DEBUG_INFORMATION_FORMAT = dwarf;
				ENABLE_STRICT_OBJC_MSGSEND = YES;
				ENABLE_TESTABILITY = YES;
				GCC_C_LANGUAGE_STANDARD = gnu11;
				GCC_DYNAMIC_NO_PIC = NO;
				GCC_NO_COMMON_BLOCKS = YES;
				GCC_OPTIMIZATION_LEVEL = 0;
				GCC_PREPROCESSOR_DEFINITIONS = (
					"DEBUG=1",
					"$(inherited)",
				);
				GCC_WARN_64_TO_32_BIT_CONVERSION = YES;
				GCC_WARN_ABOUT_RETURN_TYPE = YES_ERROR;
				GCC_WARN_UNDECLARED_SELECTOR = YES;
				GCC_WARN_UNINITIALIZED_AUTOS = YES_AGGRESSIVE;
				GCC_WARN_UNUSED_FUNCTION = YES;
				GCC_WARN_UNUSED_VARIABLE = YES;
				IPHONEOS_DEPLOYMENT_TARGET = 12.1;
				MTL_ENABLE_DEBUG_INFO = INCLUDE_SOURCE;
				MTL_FAST_MATH = YES;
				ONLY_ACTIVE_ARCH = YES;
				SDKROOT = iphoneos;
				SWIFT_ACTIVE_COMPILATION_CONDITIONS = DEBUG;
				SWIFT_OPTIMIZATION_LEVEL = "-Onone";
			};
			name = Debug;
		};
		BABF16632244EC44002A368F /* Release */ = {
			isa = XCBuildConfiguration;
			buildSettings = {
				ALWAYS_SEARCH_USER_PATHS = NO;
				CLANG_ANALYZER_NONNULL = YES;
				CLANG_ANALYZER_NUMBER_OBJECT_CONVERSION = YES_AGGRESSIVE;
				CLANG_CXX_LANGUAGE_STANDARD = "gnu++14";
				CLANG_CXX_LIBRARY = "libc++";
				CLANG_ENABLE_MODULES = YES;
				CLANG_ENABLE_OBJC_ARC = YES;
				CLANG_ENABLE_OBJC_WEAK = YES;
				CLANG_WARN_BLOCK_CAPTURE_AUTORELEASING = YES;
				CLANG_WARN_BOOL_CONVERSION = YES;
				CLANG_WARN_COMMA = YES;
				CLANG_WARN_CONSTANT_CONVERSION = YES;
				CLANG_WARN_DEPRECATED_OBJC_IMPLEMENTATIONS = YES;
				CLANG_WARN_DIRECT_OBJC_ISA_USAGE = YES_ERROR;
				CLANG_WARN_DOCUMENTATION_COMMENTS = YES;
				CLANG_WARN_EMPTY_BODY = YES;
				CLANG_WARN_ENUM_CONVERSION = YES;
				CLANG_WARN_INFINITE_RECURSION = YES;
				CLANG_WARN_INT_CONVERSION = YES;
				CLANG_WARN_NON_LITERAL_NULL_CONVERSION = YES;
				CLANG_WARN_OBJC_IMPLICIT_RETAIN_SELF = YES;
				CLANG_WARN_OBJC_LITERAL_CONVERSION = YES;
				CLANG_WARN_OBJC_ROOT_CLASS = YES_ERROR;
				CLANG_WARN_RANGE_LOOP_ANALYSIS = YES;
				CLANG_WARN_STRICT_PROTOTYPES = YES;
				CLANG_WARN_SUSPICIOUS_MOVE = YES;
				CLANG_WARN_UNGUARDED_AVAILABILITY = YES_AGGRESSIVE;
				CLANG_WARN_UNREACHABLE_CODE = YES;
				CLANG_WARN__DUPLICATE_METHOD_MATCH = YES;
				CODE_SIGN_IDENTITY = "iPhone Developer";
				COPY_PHASE_STRIP = NO;
				DEBUG_INFORMATION_FORMAT = "dwarf-with-dsym";
				ENABLE_NS_ASSERTIONS = NO;
				ENABLE_STRICT_OBJC_MSGSEND = YES;
				GCC_C_LANGUAGE_STANDARD = gnu11;
				GCC_NO_COMMON_BLOCKS = YES;
				GCC_WARN_64_TO_32_BIT_CONVERSION = YES;
				GCC_WARN_ABOUT_RETURN_TYPE = YES_ERROR;
				GCC_WARN_UNDECLARED_SELECTOR = YES;
				GCC_WARN_UNINITIALIZED_AUTOS = YES_AGGRESSIVE;
				GCC_WARN_UNUSED_FUNCTION = YES;
				GCC_WARN_UNUSED_VARIABLE = YES;
				IPHONEOS_DEPLOYMENT_TARGET = 12.1;
				MTL_ENABLE_DEBUG_INFO = NO;
				MTL_FAST_MATH = YES;
				SDKROOT = iphoneos;
				SWIFT_COMPILATION_MODE = wholemodule;
				SWIFT_OPTIMIZATION_LEVEL = "-O";
				VALIDATE_PRODUCT = YES;
			};
			name = Release;
		};
		BABF16652244EC44002A368F /* Debug */ = {
			isa = XCBuildConfiguration;
			buildSettings = {
				CLANG_ENABLE_MODULES = YES;
				CODE_SIGN_STYLE = Automatic;
				INFOPLIST_FILE = Info.plist;
				LD_RUNPATH_SEARCH_PATHS = (
					"$(inherited)",
					"@executable_path/Frameworks",
				);
				PRODUCT_BUNDLE_IDENTIFIER = takaya.sample.takayanoobenkyou1;
				PRODUCT_NAME = "$(TARGET_NAME)";
				SWIFT_OPTIMIZATION_LEVEL = "-Onone";
				SWIFT_VERSION = 4.2;
				TARGETED_DEVICE_FAMILY = 1;
			};
			name = Debug;
		};
		BABF16662244EC44002A368F /* Release */ = {
			isa = XCBuildConfiguration;
			buildSettings = {
				CLANG_ENABLE_MODULES = YES;
				CODE_SIGN_STYLE = Automatic;
				INFOPLIST_FILE = Info.plist;
				LD_RUNPATH_SEARCH_PATHS = (
					"$(inherited)",
					"@executable_path/Frameworks",
				);
				PRODUCT_BUNDLE_IDENTIFIER = takaya.sample.takayanoobenkyou1;
				PRODUCT_NAME = "$(TARGET_NAME)";
				SWIFT_VERSION = 4.2;
				TARGETED_DEVICE_FAMILY = 1;
			};
			name = Release;
		};
/* End XCBuildConfiguration section */

/* Begin XCConfigurationList section */
		BABF164D2244EC42002A368F /* Build configuration list for PBXProject "takayanoobenkyou1" */ = {
			isa = XCConfigurationList;
			buildConfigurations = (
				BABF16622244EC44002A368F /* Debug */,
				BABF16632244EC44002A368F /* Release */,
			);
			defaultConfigurationIsVisible = 0;
			defaultConfigurationName = Release;
		};
		BABF16642244EC44002A368F /* Build configuration list for PBXNativeTarget "takayanoobenkyou1" */ = {
			isa = XCConfigurationList;
			buildConfigurations = (
				BABF16652244EC44002A368F /* Debug */,
				BABF16662244EC44002A368F /* Release */,
			);
			defaultConfigurationIsVisible = 0;
			defaultConfigurationName = Release;
		};
/* End XCConfigurationList section */
	};
	rootObject = BABF164A2244EC42002A368F /* Project object */;
}
